
Microsoft Visual Studio Solution File, Format Version 12.00
# Visual Studio Version 17
VisualStudioVersion = 17.10.35027.167
MinimumVisualStudioVersion = 10.0.40219.1
Project("{FAE04EC0-301F-11D3-BF4B-00C04F79EFBC}") = "CashCalc", "CashCalc.csproj", "{3A760AC3-8850-464C-B898-456A7DC3AC79}"
EndProject
Global
	GlobalSection(SolutionConfigurationPlatforms) = preSolution
		Debug|Any CPU = Debug|Any CPU
		Release|Any CPU = Release|Any CPU
	EndGlobalSection
	GlobalSection(ProjectConfigurationPlatforms) = postSolution
		{3A760AC3-8850-464C-B898-456A7DC3AC79}.Debug|Any CPU.ActiveCfg = Debug|Any CPU
		{3A760AC3-8850-464C-B898-456A7DC3AC79}.Debug|Any CPU.Build.0 = Debug|Any CPU
		{3A760AC3-8850-464C-B898-456A7DC3AC79}.Release|Any CPU.ActiveCfg = Release|Any CPU
		{3A760AC3-8850-464C-B898-456A7DC3AC79}.Release|Any CPU.Build.0 = Release|Any CPU
	EndGlobalSection
	GlobalSection(SolutionProperties) = preSolution
		HideSolutionNode = FALSE
	EndGlobalSection
	GlobalSection(ExtensibilityGlobals) = postSolution
		SolutionGuid = {8E0D1524-08E3-44DA-B7E6-ADC05324CE77}
	EndGlobalSection
EndGlobal
